
Microsoft Visual Studio Solution File, Format Version 12.00
# Visual Studio Version 17
VisualStudioVersion = 17.11.35303.130
MinimumVisualStudioVersion = 10.0.40219.1
Project("{8BC9CEB8-8B4A-11D0-8D11-00A0C91BC942}") = "PR6.1rec", "PR6.1rec.vcxproj", "{2EE61481-FE59-4FF5-8201-D577BB2B1C18}"
EndProject
Project("{8BC9CEB8-8B4A-11D0-8D11-00A0C91BC942}") = "UnitTest1", "UnitTest1\UnitTest1.vcxproj", "{5776D1C8-33BD-4D6B-932D-B6E7003CEF19}"
EndProject
Global
	GlobalSection(SolutionConfigurationPlatforms) = preSolution
		Debug|x64 = Debug|x64
		Debug|x86 = Debug|x86
		Release|x64 = Release|x64
		Release|x86 = Release|x86
	EndGlobalSection
	GlobalSection(ProjectConfigurationPlatforms) = postSolution
		{2EE61481-FE59-4FF5-8201-D577BB2B1C18}.Debug|x64.ActiveCfg = Debug|x64
		{2EE61481-FE59-4FF5-8201-D577BB2B1C18}.Debug|x64.Build.0 = Debug|x64
		{2EE61481-FE59-4FF5-8201-D577BB2B1C18}.Debug|x86.ActiveCfg = Debug|Win32
		{2EE61481-FE59-4FF5-8201-D577BB2B1C18}.Debug|x86.Build.0 = Debug|Win32
		{2EE61481-FE59-4FF5-8201-D577BB2B1C18}.Release|x64.ActiveCfg = Release|x64
		{2EE61481-FE59-4FF5-8201-D577BB2B1C18}.Release|x64.Build.0 = Release|x64
		{2EE61481-FE59-4FF5-8201-D577BB2B1C18}.Release|x86.ActiveCfg = Release|Win32
		{2EE61481-FE59-4FF5-8201-D577BB2B1C18}.Release|x86.Build.0 = Release|Win32
		{5776D1C8-33BD-4D6B-932D-B6E7003CEF19}.Debug|x64.ActiveCfg = Debug|x64
		{5776D1C8-33BD-4D6B-932D-B6E7003CEF19}.Debug|x64.Build.0 = Debug|x64
		{5776D1C8-33BD-4D6B-932D-B6E7003CEF19}.Debug|x86.ActiveCfg = Debug|Win32
		{5776D1C8-33BD-4D6B-932D-B6E7003CEF19}.Debug|x86.Build.0 = Debug|Win32
		{5776D1C8-33BD-4D6B-932D-B6E7003CEF19}.Release|x64.ActiveCfg = Release|x64
		{5776D1C8-33BD-4D6B-932D-B6E7003CEF19}.Release|x64.Build.0 = Release|x64
		{5776D1C8-33BD-4D6B-932D-B6E7003CEF19}.Release|x86.ActiveCfg = Release|Win32
		{5776D1C8-33BD-4D6B-932D-B6E7003CEF19}.Release|x86.Build.0 = Release|Win32
	EndGlobalSection
	GlobalSection(SolutionProperties) = preSolution
		HideSolutionNode = FALSE
	EndGlobalSection
	GlobalSection(ExtensibilityGlobals) = postSolution
		SolutionGuid = {1FAC5F39-C2FB-4783-87BC-6845AA1ACD08}
	EndGlobalSection
EndGlobal
